// !$*UTF8*$!
{
	archiveVersion = 1;
	classes = {
	};
	objectVersion = 51;
	objects = {

/* Begin PBXBuildFile section */
		0A5FC592498C8ACCC6934CDB /* Pods_ATRefresh_Swift.framework in Frameworks */ = {isa = PBXBuildFile; fileRef = B058A2C2925034C97260224C /* Pods_ATRefresh_Swift.framework */; };
		0F174A2F246929C500A1265F /* ATRefresh_Swift.podspec in Resources */ = {isa = PBXBuildFile; fileRef = 0F174A2E246929C500A1265F /* ATRefresh_Swift.podspec */; };
		0F1A7EE32468F8F5003CB706 /* ATLoad.swift in Sources */ = {isa = PBXBuildFile; fileRef = 0F1A7EE22468F8F5003CB706 /* ATLoad.swift */; };
		0F1A7EE5246904E5003CB706 /* ATGroupConnectionController.swift in Sources */ = {isa = PBXBuildFile; fileRef = 0F1A7EE4246904E5003CB706 /* ATGroupConnectionController.swift */; };
		0F1A7EE8246909C5003CB706 /* ATGroupCollectionViewCell.swift in Sources */ = {isa = PBXBuildFile; fileRef = 0F1A7EE6246909C5003CB706 /* ATGroupCollectionViewCell.swift */; };
		0F1A7EE9246909C5003CB706 /* ATGroupCollectionViewCell.xib in Resources */ = {isa = PBXBuildFile; fileRef = 0F1A7EE7246909C5003CB706 /* ATGroupCollectionViewCell.xib */; };
		0F4C5DAC2466AA970030D2C4 /* AppDelegate.swift in Sources */ = {isa = PBXBuildFile; fileRef = 0F4C5DAB2466AA970030D2C4 /* AppDelegate.swift */; };
		0F4C5DB02466AA970030D2C4 /* ATViewController.swift in Sources */ = {isa = PBXBuildFile; fileRef = 0F4C5DAF2466AA970030D2C4 /* ATViewController.swift */; };
		0F4C5DB32466AA970030D2C4 /* Main.storyboard in Resources */ = {isa = PBXBuildFile; fileRef = 0F4C5DB12466AA970030D2C4 /* Main.storyboard */; };
		0F4C5DB52466AA970030D2C4 /* Assets.xcassets in Resources */ = {isa = PBXBuildFile; fileRef = 0F4C5DB42466AA970030D2C4 /* Assets.xcassets */; };
		0F4C5DB82466AA970030D2C4 /* LaunchScreen.storyboard in Resources */ = {isa = PBXBuildFile; fileRef = 0F4C5DB62466AA970030D2C4 /* LaunchScreen.storyboard */; };
		0F4C5DC52466AB9F0030D2C4 /* ATRefreshController.swift in Sources */ = {isa = PBXBuildFile; fileRef = 0F4C5DC22466AB9F0030D2C4 /* ATRefreshController.swift */; };
		0F4C5DD42466BC460030D2C4 /* ATRefresh.swift in Sources */ = {isa = PBXBuildFile; fileRef = 0F4C5DD32466BC460030D2C4 /* ATRefresh.swift */; };
		0F761EF2246BF79C00696378 /* README.md in Resources */ = {isa = PBXBuildFile; fileRef = 0F761EF1246BF79C00696378 /* README.md */; };
		0FAD776D246937E200B0B01A /* BaseTableViewController.swift in Sources */ = {isa = PBXBuildFile; fileRef = 0FAD776A246937E200B0B01A /* BaseTableViewController.swift */; };
		0FAD776E246937E200B0B01A /* BaseConnectionController.swift in Sources */ = {isa = PBXBuildFile; fileRef = 0FAD776B246937E200B0B01A /* BaseConnectionController.swift */; };
		0FAD77712469386200B0B01A /* BaseRefershController.swift in Sources */ = {isa = PBXBuildFile; fileRef = 0FAD77702469386200B0B01A /* BaseRefershController.swift */; };
		8F2B845E2466FBC8007246E7 /* ATGroupModel.swift in Sources */ = {isa = PBXBuildFile; fileRef = 8F2B845D2466FBC8007246E7 /* ATGroupModel.swift */; };
		8F3745432466FFF9001151DF /* ATGroupTableViewCell.swift in Sources */ = {isa = PBXBuildFile; fileRef = 8F3745412466FFF9001151DF /* ATGroupTableViewCell.swift */; };
		8F3745442466FFF9001151DF /* ATGroupTableViewCell.xib in Resources */ = {isa = PBXBuildFile; fileRef = 8F3745422466FFF9001151DF /* ATGroupTableViewCell.xib */; };
		8F78F7522466F20900AD5F64 /* ApiMoya.swift in Sources */ = {isa = PBXBuildFile; fileRef = 8F78F7512466F20900AD5F64 /* ApiMoya.swift */; };
		8F78F7542466F5D200AD5F64 /* ATGroupTableController.swift in Sources */ = {isa = PBXBuildFile; fileRef = 8F78F7532466F5D200AD5F64 /* ATGroupTableController.swift */; };
/* End PBXBuildFile section */

/* Begin PBXFileReference section */
		0F174A2E246929C500A1265F /* ATRefresh_Swift.podspec */ = {isa = PBXFileReference; fileEncoding = 4; lastKnownFileType = text; path = ATRefresh_Swift.podspec; sourceTree = "<group>"; };
		0F1A7EE22468F8F5003CB706 /* ATLoad.swift */ = {isa = PBXFileReference; fileEncoding = 4; lastKnownFileType = sourcecode.swift; path = ATLoad.swift; sourceTree = "<group>"; };
		0F1A7EE4246904E5003CB706 /* ATGroupConnectionController.swift */ = {isa = PBXFileReference; lastKnownFileType = sourcecode.swift; path = ATGroupConnectionController.swift; sourceTree = "<group>"; };
		0F1A7EE6246909C5003CB706 /* ATGroupCollectionViewCell.swift */ = {isa = PBXFileReference; lastKnownFileType = sourcecode.swift; path = ATGroupCollectionViewCell.swift; sourceTree = "<group>"; };
		0F1A7EE7246909C5003CB706 /* ATGroupCollectionViewCell.xib */ = {isa = PBXFileReference; lastKnownFileType = file.xib; path = ATGroupCollectionViewCell.xib; sourceTree = "<group>"; };
		0F4C5DA82466AA970030D2C4 /* ATRefresh_Swift.app */ = {isa = PBXFileReference; explicitFileType = wrapper.application; includeInIndex = 0; path = ATRefresh_Swift.app; sourceTree = BUILT_PRODUCTS_DIR; };
		0F4C5DAB2466AA970030D2C4 /* AppDelegate.swift */ = {isa = PBXFileReference; lastKnownFileType = sourcecode.swift; path = AppDelegate.swift; sourceTree = "<group>"; };
		0F4C5DAF2466AA970030D2C4 /* ATViewController.swift */ = {isa = PBXFileReference; lastKnownFileType = sourcecode.swift; path = ATViewController.swift; sourceTree = "<group>"; };
		0F4C5DB22466AA970030D2C4 /* Base */ = {isa = PBXFileReference; lastKnownFileType = file.storyboard; name = Base; path = Base.lproj/Main.storyboard; sourceTree = "<group>"; };
		0F4C5DB42466AA970030D2C4 /* Assets.xcassets */ = {isa = PBXFileReference; lastKnownFileType = folder.assetcatalog; path = Assets.xcassets; sourceTree = "<group>"; };
		0F4C5DB72466AA970030D2C4 /* Base */ = {isa = PBXFileReference; lastKnownFileType = file.storyboard; name = Base; path = Base.lproj/LaunchScreen.storyboard; sourceTree = "<group>"; };
		0F4C5DB92466AA970030D2C4 /* Info.plist */ = {isa = PBXFileReference; lastKnownFileType = text.plist.xml; path = Info.plist; sourceTree = "<group>"; };
		0F4C5DC22466AB9F0030D2C4 /* ATRefreshController.swift */ = {isa = PBXFileReference; fileEncoding = 4; lastKnownFileType = sourcecode.swift; path = ATRefreshController.swift; sourceTree = "<group>"; };
		0F4C5DC62466B1260030D2C4 /* ATRefresh_Swift-Bridging-Header.h */ = {isa = PBXFileReference; lastKnownFileType = sourcecode.c.h; path = "ATRefresh_Swift-Bridging-Header.h"; sourceTree = "<group>"; };
		0F4C5DD32466BC460030D2C4 /* ATRefresh.swift */ = {isa = PBXFileReference; lastKnownFileType = sourcecode.swift; path = ATRefresh.swift; sourceTree = "<group>"; };
		0F761EF1246BF79C00696378 /* README.md */ = {isa = PBXFileReference; fileEncoding = 4; lastKnownFileType = net.daringfireball.markdown; path = README.md; sourceTree = "<group>"; };
		0FAD776A246937E200B0B01A /* BaseTableViewController.swift */ = {isa = PBXFileReference; fileEncoding = 4; lastKnownFileType = sourcecode.swift; path = BaseTableViewController.swift; sourceTree = "<group>"; };
		0FAD776B246937E200B0B01A /* BaseConnectionController.swift */ = {isa = PBXFileReference; fileEncoding = 4; lastKnownFileType = sourcecode.swift; path = BaseConnectionController.swift; sourceTree = "<group>"; };
		0FAD77702469386200B0B01A /* BaseRefershController.swift */ = {isa = PBXFileReference; fileEncoding = 4; lastKnownFileType = sourcecode.swift; path = BaseRefershController.swift; sourceTree = "<group>"; };
		309332AEFDDDD320D444D575 /* Pods-ATRefresh_Swift.release.xcconfig */ = {isa = PBXFileReference; includeInIndex = 1; lastKnownFileType = text.xcconfig; name = "Pods-ATRefresh_Swift.release.xcconfig"; path = "Target Support Files/Pods-ATRefresh_Swift/Pods-ATRefresh_Swift.release.xcconfig"; sourceTree = "<group>"; };
		402C6A30A62D3C2DE516353B /* Pods-ATRefresh_Swift.debug.xcconfig */ = {isa = PBXFileReference; includeInIndex = 1; lastKnownFileType = text.xcconfig; name = "Pods-ATRefresh_Swift.debug.xcconfig"; path = "Target Support Files/Pods-ATRefresh_Swift/Pods-ATRefresh_Swift.debug.xcconfig"; sourceTree = "<group>"; };
		8F2B845D2466FBC8007246E7 /* ATGroupModel.swift */ = {isa = PBXFileReference; lastKnownFileType = sourcecode.swift; path = ATGroupModel.swift; sourceTree = "<group>"; };
		8F3745412466FFF9001151DF /* ATGroupTableViewCell.swift */ = {isa = PBXFileReference; lastKnownFileType = sourcecode.swift; path = ATGroupTableViewCell.swift; sourceTree = "<group>"; };
		8F3745422466FFF9001151DF /* ATGroupTableViewCell.xib */ = {isa = PBXFileReference; lastKnownFileType = file.xib; path = ATGroupTableViewCell.xib; sourceTree = "<group>"; };
		8F78F7512466F20900AD5F64 /* ApiMoya.swift */ = {isa = PBXFileReference; lastKnownFileType = sourcecode.swift; path = ApiMoya.swift; sourceTree = "<group>"; };
		8F78F7532466F5D200AD5F64 /* ATGroupTableController.swift */ = {isa = PBXFileReference; lastKnownFileType = sourcecode.swift; path = ATGroupTableController.swift; sourceTree = "<group>"; };
		B058A2C2925034C97260224C /* Pods_ATRefresh_Swift.framework */ = {isa = PBXFileReference; explicitFileType = wrapper.framework; includeInIndex = 0; path = Pods_ATRefresh_Swift.framework; sourceTree = BUILT_PRODUCTS_DIR; };
/* End PBXFileReference section */

/* Begin PBXFrameworksBuildPhase section */
		0F4C5DA52466AA970030D2C4 /* Frameworks */ = {
			isa = PBXFrameworksBuildPhase;
			buildActionMask = 2147483647;
			files = (
				0A5FC592498C8ACCC6934CDB /* Pods_ATRefresh_Swift.framework in Frameworks */,
			);
			runOnlyForDeploymentPostprocessing = 0;
		};
/* End PBXFrameworksBuildPhase section */

/* Begin PBXGroup section */
		0F4C5D9F2466AA970030D2C4 = {
			isa = PBXGroup;
			children = (
				0F761EF1246BF79C00696378 /* README.md */,
				0F174A2E246929C500A1265F /* ATRefresh_Swift.podspec */,
				0F4C5DBF2466AB830030D2C4 /* Source */,
				0F4C5DAA2466AA970030D2C4 /* ATRefresh_Swift */,
				0F4C5DA92466AA970030D2C4 /* Products */,
				963484BBF8E6EC5ABD729582 /* Pods */,
				6705E8EAA2B1E769A2E7BC0A /* Frameworks */,
			);
			sourceTree = "<group>";
		};
		0F4C5DA92466AA970030D2C4 /* Products */ = {
			isa = PBXGroup;
			children = (
				0F4C5DA82466AA970030D2C4 /* ATRefresh_Swift.app */,
			);
			name = Products;
			sourceTree = "<group>";
		};
		0F4C5DAA2466AA970030D2C4 /* ATRefresh_Swift */ = {
			isa = PBXGroup;
			children = (
				8F78F7512466F20900AD5F64 /* ApiMoya.swift */,
				0F4C5DAB2466AA970030D2C4 /* AppDelegate.swift */,
				0F4C5DB42466AA970030D2C4 /* Assets.xcassets */,
				0F1A7EE6246909C5003CB706 /* ATGroupCollectionViewCell.swift */,
				0F1A7EE7246909C5003CB706 /* ATGroupCollectionViewCell.xib */,
				0F1A7EE4246904E5003CB706 /* ATGroupConnectionController.swift */,
				8F2B845D2466FBC8007246E7 /* ATGroupModel.swift */,
				8F78F7532466F5D200AD5F64 /* ATGroupTableController.swift */,
				8F3745412466FFF9001151DF /* ATGroupTableViewCell.swift */,
				8F3745422466FFF9001151DF /* ATGroupTableViewCell.xib */,
				0F1A7EE22468F8F5003CB706 /* ATLoad.swift */,
				0F4C5DAF2466AA970030D2C4 /* ATViewController.swift */,
				0FAD7769246937E200B0B01A /* Base */,
				0F4C5DB92466AA970030D2C4 /* Info.plist */,
				0F4C5DB62466AA970030D2C4 /* LaunchScreen.storyboard */,
				0F4C5DB12466AA970030D2C4 /* Main.storyboard */,
			);
			path = ATRefresh_Swift;
			sourceTree = "<group>";
		};
		0F4C5DBF2466AB830030D2C4 /* Source */ = {
			isa = PBXGroup;
			children = (
				0F4C5DC62466B1260030D2C4 /* ATRefresh_Swift-Bridging-Header.h */,
				0F4C5DD32466BC460030D2C4 /* ATRefresh.swift */,
				0F4C5DC22466AB9F0030D2C4 /* ATRefreshController.swift */,
			);
			path = Source;
			sourceTree = "<group>";
		};
		0FAD7769246937E200B0B01A /* Base */ = {
			isa = PBXGroup;
			children = (
				0FAD77702469386200B0B01A /* BaseRefershController.swift */,
				0FAD776A246937E200B0B01A /* BaseTableViewController.swift */,
				0FAD776B246937E200B0B01A /* BaseConnectionController.swift */,
			);
			path = Base;
			sourceTree = "<group>";
		};
		6705E8EAA2B1E769A2E7BC0A /* Frameworks */ = {
			isa = PBXGroup;
			children = (
				B058A2C2925034C97260224C /* Pods_ATRefresh_Swift.framework */,
			);
			name = Frameworks;
			sourceTree = "<group>";
		};
		963484BBF8E6EC5ABD729582 /* Pods */ = {
			isa = PBXGroup;
			children = (
				402C6A30A62D3C2DE516353B /* Pods-ATRefresh_Swift.debug.xcconfig */,
				309332AEFDDDD320D444D575 /* Pods-ATRefresh_Swift.release.xcconfig */,
			);
			path = Pods;
			sourceTree = "<group>";
		};
/* End PBXGroup section */

/* Begin PBXNativeTarget section */
		0F4C5DA72466AA970030D2C4 /* ATRefresh_Swift */ = {
			isa = PBXNativeTarget;
			buildConfigurationList = 0F4C5DBC2466AA970030D2C4 /* Build configuration list for PBXNativeTarget "ATRefresh_Swift" */;
			buildPhases = (
				9E581D09D5FB5B145AC12C8A /* [CP] Check Pods Manifest.lock */,
				0F4C5DA42466AA970030D2C4 /* Sources */,
				0F4C5DA52466AA970030D2C4 /* Frameworks */,
				0F4C5DA62466AA970030D2C4 /* Resources */,
				C14F573F82F60B4CF46C72EF /* [CP] Embed Pods Frameworks */,
			);
			buildRules = (
			);
			dependencies = (
			);
			name = ATRefresh_Swift;
			productName = ATRefresh_Swift;
			productReference = 0F4C5DA82466AA970030D2C4 /* ATRefresh_Swift.app */;
			productType = "com.apple.product-type.application";
		};
/* End PBXNativeTarget section */

/* Begin PBXProject section */
		0F4C5DA02466AA970030D2C4 /* Project object */ = {
			isa = PBXProject;
			attributes = {
				LastSwiftUpdateCheck = 1120;
				LastUpgradeCheck = 1120;
				ORGANIZATIONNAME = wangws1990;
				TargetAttributes = {
					0F4C5DA72466AA970030D2C4 = {
						CreatedOnToolsVersion = 11.2.1;
						LastSwiftMigration = 1120;
					};
				};
			};
			buildConfigurationList = 0F4C5DA32466AA970030D2C4 /* Build configuration list for PBXProject "ATRefresh_Swift" */;
			compatibilityVersion = "Xcode 9.3";
			developmentRegion = en;
			hasScannedForEncodings = 0;
			knownRegions = (
				en,
				Base,
			);
			mainGroup = 0F4C5D9F2466AA970030D2C4;
			productRefGroup = 0F4C5DA92466AA970030D2C4 /* Products */;
			projectDirPath = "";
			projectRoot = "";
			targets = (
				0F4C5DA72466AA970030D2C4 /* ATRefresh_Swift */,
			);
		};
/* End PBXProject section */

/* Begin PBXResourcesBuildPhase section */
		0F4C5DA62466AA970030D2C4 /* Resources */ = {
			isa = PBXResourcesBuildPhase;
			buildActionMask = 2147483647;
			files = (
				0F1A7EE9246909C5003CB706 /* ATGroupCollectionViewCell.xib in Resources */,
				0F174A2F246929C500A1265F /* ATRefresh_Swift.podspec in Resources */,
				8F3745442466FFF9001151DF /* ATGroupTableViewCell.xib in Resources */,
				0F761EF2246BF79C00696378 /* README.md in Resources */,
				0F4C5DB82466AA970030D2C4 /* LaunchScreen.storyboard in Resources */,
				0F4C5DB52466AA970030D2C4 /* Assets.xcassets in Resources */,
				0F4C5DB32466AA970030D2C4 /* Main.storyboard in Resources */,
			);
			runOnlyForDeploymentPostprocessing = 0;
		};
/* End PBXResourcesBuildPhase section */

/* Begin PBXShellScriptBuildPhase section */
		9E581D09D5FB5B145AC12C8A /* [CP] Check Pods Manifest.lock */ = {
			isa = PBXShellScriptBuildPhase;
			buildActionMask = 2147483647;
			files = (
			);
			inputFileListPaths = (
			);
			inputPaths = (
				"${PODS_PODFILE_DIR_PATH}/Podfile.lock",
				"${PODS_ROOT}/Manifest.lock",
			);
			name = "[CP] Check Pods Manifest.lock";
			outputFileListPaths = (
			);
			outputPaths = (
				"$(DERIVED_FILE_DIR)/Pods-ATRefresh_Swift-checkManifestLockResult.txt",
			);
			runOnlyForDeploymentPostprocessing = 0;
			shellPath = /bin/sh;
			shellScript = "diff \"${PODS_PODFILE_DIR_PATH}/Podfile.lock\" \"${PODS_ROOT}/Manifest.lock\" > /dev/null\nif [ $? != 0 ] ; then\n    # print error to STDERR\n    echo \"error: The sandbox is not in sync with the Podfile.lock. Run 'pod install' or update your CocoaPods installation.\" >&2\n    exit 1\nfi\n# This output is used by Xcode 'outputs' to avoid re-running this script phase.\necho \"SUCCESS\" > \"${SCRIPT_OUTPUT_FILE_0}\"\n";
			showEnvVarsInLog = 0;
		};
		C14F573F82F60B4CF46C72EF /* [CP] Embed Pods Frameworks */ = {
			isa = PBXShellScriptBuildPhase;
			buildActionMask = 2147483647;
			files = (
			);
			inputFileListPaths = (
				"${PODS_ROOT}/Target Support Files/Pods-ATRefresh_Swift/Pods-ATRefresh_Swift-frameworks-${CONFIGURATION}-input-files.xcfilelist",
			);
			name = "[CP] Embed Pods Frameworks";
			outputFileListPaths = (
				"${PODS_ROOT}/Target Support Files/Pods-ATRefresh_Swift/Pods-ATRefresh_Swift-frameworks-${CONFIGURATION}-output-files.xcfilelist",
			);
			runOnlyForDeploymentPostprocessing = 0;
			shellPath = /bin/sh;
			shellScript = "\"${PODS_ROOT}/Target Support Files/Pods-ATRefresh_Swift/Pods-ATRefresh_Swift-frameworks.sh\"\n";
			showEnvVarsInLog = 0;
		};
/* End PBXShellScriptBuildPhase section */

/* Begin PBXSourcesBuildPhase section */
		0F4C5DA42466AA970030D2C4 /* Sources */ = {
			isa = PBXSourcesBuildPhase;
			buildActionMask = 2147483647;
			files = (
				8F78F7522466F20900AD5F64 /* ApiMoya.swift in Sources */,
				0F1A7EE32468F8F5003CB706 /* ATLoad.swift in Sources */,
				0F1A7EE5246904E5003CB706 /* ATGroupConnectionController.swift in Sources */,
				0F4C5DB02466AA970030D2C4 /* ATViewController.swift in Sources */,
				0F4C5DC52466AB9F0030D2C4 /* ATRefreshController.swift in Sources */,
				0F4C5DAC2466AA970030D2C4 /* AppDelegate.swift in Sources */,
				0FAD776D246937E200B0B01A /* BaseTableViewController.swift in Sources */,
				0FAD776E246937E200B0B01A /* BaseConnectionController.swift in Sources */,
				0FAD77712469386200B0B01A /* BaseRefershController.swift in Sources */,
				0F1A7EE8246909C5003CB706 /* ATGroupCollectionViewCell.swift in Sources */,
				8F78F7542466F5D200AD5F64 /* ATGroupTableController.swift in Sources */,
				8F3745432466FFF9001151DF /* ATGroupTableViewCell.swift in Sources */,
				0F4C5DD42466BC460030D2C4 /* ATRefresh.swift in Sources */,
				8F2B845E2466FBC8007246E7 /* ATGroupModel.swift in Sources */,
			);
			runOnlyForDeploymentPostprocessing = 0;
		};
/* End PBXSourcesBuildPhase section */

/* Begin PBXVariantGroup section */
		0F4C5DB12466AA970030D2C4 /* Main.storyboard */ = {
			isa = PBXVariantGroup;
			children = (
				0F4C5DB22466AA970030D2C4 /* Base */,
			);
			name = Main.storyboard;
			sourceTree = "<group>";
		};
		0F4C5DB62466AA970030D2C4 /* LaunchScreen.storyboard */ = {
			isa = PBXVariantGroup;
			children = (
				0F4C5DB72466AA970030D2C4 /* Base */,
			);
			name = LaunchScreen.storyboard;
			sourceTree = "<group>";
		};
/* End PBXVariantGroup section */

/* Begin XCBuildConfiguration section */
		0F4C5DBA2466AA970030D2C4 /* Debug */ = {
			isa = XCBuildConfiguration;
			buildSettings = {
				ALWAYS_SEARCH_USER_PATHS = NO;
				CLANG_ANALYZER_NONNULL = YES;
				CLANG_ANALYZER_NUMBER_OBJECT_CONVERSION = YES_AGGRESSIVE;
				CLANG_CXX_LANGUAGE_STANDARD = "gnu++14";
				CLANG_CXX_LIBRARY = "libc++";
				CLANG_ENABLE_MODULES = YES;
				CLANG_ENABLE_OBJC_ARC = YES;
				CLANG_ENABLE_OBJC_WEAK = YES;
				CLANG_WARN_BLOCK_CAPTURE_AUTORELEASING = YES;
				CLANG_WARN_BOOL_CONVERSION = YES;
				CLANG_WARN_COMMA = YES;
				CLANG_WARN_CONSTANT_CONVERSION = YES;
				CLANG_WARN_DEPRECATED_OBJC_IMPLEMENTATIONS = YES;
				CLANG_WARN_DIRECT_OBJC_ISA_USAGE = YES_ERROR;
				CLANG_WARN_DOCUMENTATION_COMMENTS = YES;
				CLANG_WARN_EMPTY_BODY = YES;
				CLANG_WARN_ENUM_CONVERSION = YES;
				CLANG_WARN_INFINITE_RECURSION = YES;
				CLANG_WARN_INT_CONVERSION = YES;
				CLANG_WARN_NON_LITERAL_NULL_CONVERSION = YES;
				CLANG_WARN_OBJC_IMPLICIT_RETAIN_SELF = YES;
				CLANG_WARN_OBJC_LITERAL_CONVERSION = YES;
				CLANG_WARN_OBJC_ROOT_CLASS = YES_ERROR;
				CLANG_WARN_RANGE_LOOP_ANALYSIS = YES;
				CLANG_WARN_STRICT_PROTOTYPES = YES;
				CLANG_WARN_SUSPICIOUS_MOVE = YES;
				CLANG_WARN_UNGUARDED_AVAILABILITY = YES_AGGRESSIVE;
				CLANG_WARN_UNREACHABLE_CODE = YES;
				CLANG_WARN__DUPLICATE_METHOD_MATCH = YES;
				COPY_PHASE_STRIP = NO;
				DEBUG_INFORMATION_FORMAT = dwarf;
				ENABLE_STRICT_OBJC_MSGSEND = YES;
				ENABLE_TESTABILITY = YES;
				GCC_C_LANGUAGE_STANDARD = gnu11;
				GCC_DYNAMIC_NO_PIC = NO;
				GCC_NO_COMMON_BLOCKS = YES;
				GCC_OPTIMIZATION_LEVEL = 0;
				GCC_PREPROCESSOR_DEFINITIONS = (
					"DEBUG=1",
					"$(inherited)",
				);
				GCC_WARN_64_TO_32_BIT_CONVERSION = YES;
				GCC_WARN_ABOUT_RETURN_TYPE = YES_ERROR;
				GCC_WARN_UNDECLARED_SELECTOR = YES;
				GCC_WARN_UNINITIALIZED_AUTOS = YES_AGGRESSIVE;
				GCC_WARN_UNUSED_FUNCTION = YES;
				GCC_WARN_UNUSED_VARIABLE = YES;
				IPHONEOS_DEPLOYMENT_TARGET = 13.2;
				MTL_ENABLE_DEBUG_INFO = INCLUDE_SOURCE;
				MTL_FAST_MATH = YES;
				ONLY_ACTIVE_ARCH = YES;
				SDKROOT = iphoneos;
				SWIFT_ACTIVE_COMPILATION_CONDITIONS = DEBUG;
				SWIFT_OPTIMIZATION_LEVEL = "-Onone";
			};
			name = Debug;
		};
		0F4C5DBB2466AA970030D2C4 /* Release */ = {
			isa = XCBuildConfiguration;
			buildSettings = {
				ALWAYS_SEARCH_USER_PATHS = NO;
				CLANG_ANALYZER_NONNULL = YES;
				CLANG_ANALYZER_NUMBER_OBJECT_CONVERSION = YES_AGGRESSIVE;
				CLANG_CXX_LANGUAGE_STANDARD = "gnu++14";
				CLANG_CXX_LIBRARY = "libc++";
				CLANG_ENABLE_MODULES = YES;
				CLANG_ENABLE_OBJC_ARC = YES;
				CLANG_ENABLE_OBJC_WEAK = YES;
				CLANG_WARN_BLOCK_CAPTURE_AUTORELEASING = YES;
				CLANG_WARN_BOOL_CONVERSION = YES;
				CLANG_WARN_COMMA = YES;
				CLANG_WARN_CONSTANT_CONVERSION = YES;
				CLANG_WARN_DEPRECATED_OBJC_IMPLEMENTATIONS = YES;
				CLANG_WARN_DIRECT_OBJC_ISA_USAGE = YES_ERROR;
				CLANG_WARN_DOCUMENTATION_COMMENTS = YES;
				CLANG_WARN_EMPTY_BODY = YES;
				CLANG_WARN_ENUM_CONVERSION = YES;
				CLANG_WARN_INFINITE_RECURSION = YES;
				CLANG_WARN_INT_CONVERSION = YES;
				CLANG_WARN_NON_LITERAL_NULL_CONVERSION = YES;
				CLANG_WARN_OBJC_IMPLICIT_RETAIN_SELF = YES;
				CLANG_WARN_OBJC_LITERAL_CONVERSION = YES;
				CLANG_WARN_OBJC_ROOT_CLASS = YES_ERROR;
				CLANG_WARN_RANGE_LOOP_ANALYSIS = YES;
				CLANG_WARN_STRICT_PROTOTYPES = YES;
				CLANG_WARN_SUSPICIOUS_MOVE = YES;
				CLANG_WARN_UNGUARDED_AVAILABILITY = YES_AGGRESSIVE;
				CLANG_WARN_UNREACHABLE_CODE = YES;
				CLANG_WARN__DUPLICATE_METHOD_MATCH = YES;
				COPY_PHASE_STRIP = NO;
				DEBUG_INFORMATION_FORMAT = "dwarf-with-dsym";
				ENABLE_NS_ASSERTIONS = NO;
				ENABLE_STRICT_OBJC_MSGSEND = YES;
				GCC_C_LANGUAGE_STANDARD = gnu11;
				GCC_NO_COMMON_BLOCKS = YES;
				GCC_WARN_64_TO_32_BIT_CONVERSION = YES;
				GCC_WARN_ABOUT_RETURN_TYPE = YES_ERROR;
				GCC_WARN_UNDECLARED_SELECTOR = YES;
				GCC_WARN_UNINITIALIZED_AUTOS = YES_AGGRESSIVE;
				GCC_WARN_UNUSED_FUNCTION = YES;
				GCC_WARN_UNUSED_VARIABLE = YES;
				IPHONEOS_DEPLOYMENT_TARGET = 13.2;
				MTL_ENABLE_DEBUG_INFO = NO;
				MTL_FAST_MATH = YES;
				SDKROOT = iphoneos;
				SWIFT_COMPILATION_MODE = wholemodule;
				SWIFT_OPTIMIZATION_LEVEL = "-O";
				VALIDATE_PRODUCT = YES;
			};
			name = Release;
		};
		0F4C5DBD2466AA970030D2C4 /* Debug */ = {
			isa = XCBuildConfiguration;
			baseConfigurationReference = 402C6A30A62D3C2DE516353B /* Pods-ATRefresh_Swift.debug.xcconfig */;
			buildSettings = {
				ASSETCATALOG_COMPILER_APPICON_NAME = AppIcon;
				CLANG_ENABLE_MODULES = YES;
				CODE_SIGN_STYLE = Automatic;
				INFOPLIST_FILE = ATRefresh_Swift/Info.plist;
				IPHONEOS_DEPLOYMENT_TARGET = 9.0;
				LD_RUNPATH_SEARCH_PATHS = (
					"$(inherited)",
					"@executable_path/Frameworks",
				);
				PRODUCT_BUNDLE_IDENTIFIER = "wangws1990.ATRefresh-Swift";
				PRODUCT_NAME = "$(TARGET_NAME)";
				SWIFT_OBJC_BRIDGING_HEADER = "Source/ATRefresh_Swift-Bridging-Header.h";
				SWIFT_OPTIMIZATION_LEVEL = "-Onone";
				SWIFT_VERSION = 5.0;
				TARGETED_DEVICE_FAMILY = "1,2";
			};
			name = Debug;
		};
		0F4C5DBE2466AA970030D2C4 /* Release */ = {
			isa = XCBuildConfiguration;
			baseConfigurationReference = 309332AEFDDDD320D444D575 /* Pods-ATRefresh_Swift.release.xcconfig */;
			buildSettings = {
				ASSETCATALOG_COMPILER_APPICON_NAME = AppIcon;
				CLANG_ENABLE_MODULES = YES;
				CODE_SIGN_STYLE = Automatic;
				INFOPLIST_FILE = ATRefresh_Swift/Info.plist;
				IPHONEOS_DEPLOYMENT_TARGET = 9.0;
				LD_RUNPATH_SEARCH_PATHS = (
					"$(inherited)",
					"@executable_path/Frameworks",
				);
				PRODUCT_BUNDLE_IDENTIFIER = "wangws1990.ATRefresh-Swift";
				PRODUCT_NAME = "$(TARGET_NAME)";
				SWIFT_OBJC_BRIDGING_HEADER = "Source/ATRefresh_Swift-Bridging-Header.h";
				SWIFT_VERSION = 5.0;
				TARGETED_DEVICE_FAMILY = "1,2";
			};
			name = Release;
		};
/* End XCBuildConfiguration section */

/* Begin XCConfigurationList section */
		0F4C5DA32466AA970030D2C4 /* Build configuration list for PBXProject "ATRefresh_Swift" */ = {
			isa = XCConfigurationList;
			buildConfigurations = (
				0F4C5DBA2466AA970030D2C4 /* Debug */,
				0F4C5DBB2466AA970030D2C4 /* Release */,
			);
			defaultConfigurationIsVisible = 0;
			defaultConfigurationName = Release;
		};
		0F4C5DBC2466AA970030D2C4 /* Build configuration list for PBXNativeTarget "ATRefresh_Swift" */ = {
			isa = XCConfigurationList;
			buildConfigurations = (
				0F4C5DBD2466AA970030D2C4 /* Debug */,
				0F4C5DBE2466AA970030D2C4 /* Release */,
			);
			defaultConfigurationIsVisible = 0;
			defaultConfigurationName = Release;
		};
/* End XCConfigurationList section */
	};
	rootObject = 0F4C5DA02466AA970030D2C4 /* Project object */;
}
